
Microsoft Visual Studio Solution File, Format Version 12.00
# Visual Studio Version 17
VisualStudioVersion = 17.0.31903.59
MinimumVisualStudioVersion = 10.0.40219.1
Project("{2150E333-8FDC-42A3-9474-1A3956D46DE8}") = "Solution Items", "Solution Items", "{DBF43E4B-0E21-4B73-AB4C-87E6CA85C2C9}"
	ProjectSection(SolutionItems) = preProject
		.gitignore = .gitignore
		LICENSE = LICENSE
		README.md = README.md
	EndProjectSection
EndProject
Project("{FAE04EC0-301F-11D3-BF4B-00C04F79EFBC}") = "SmallSimpleService", "SmallSimpleService\SmallSimpleService.csproj", "{D5A8EB34-0619-4893-A53D-ADE0AF4D9526}"
EndProject
Project("{FAE04EC0-301F-11D3-BF4B-00C04F79EFBC}") = "SharedModels", "SharedModels\SharedModels.csproj", "{2FEE7081-67C1-45FD-8DD3-8812E10A1A22}"
EndProject
Project("{FAE04EC0-301F-11D3-BF4B-00C04F79EFBC}") = "SmallSimpleApi", "SmallSimpleApi\SmallSimpleApi.csproj", "{8BEB9D29-C37F-4265-BEF1-81D6C31C3920}"
EndProject
Global
	GlobalSection(SolutionConfigurationPlatforms) = preSolution
		Debug|Any CPU = Debug|Any CPU
		Release|Any CPU = Release|Any CPU
	EndGlobalSection
	GlobalSection(ProjectConfigurationPlatforms) = postSolution
		{D5A8EB34-0619-4893-A53D-ADE0AF4D9526}.Debug|Any CPU.ActiveCfg = Debug|Any CPU
		{D5A8EB34-0619-4893-A53D-ADE0AF4D9526}.Debug|Any CPU.Build.0 = Debug|Any CPU
		{D5A8EB34-0619-4893-A53D-ADE0AF4D9526}.Release|Any CPU.ActiveCfg = Release|Any CPU
		{D5A8EB34-0619-4893-A53D-ADE0AF4D9526}.Release|Any CPU.Build.0 = Release|Any CPU
		{2FEE7081-67C1-45FD-8DD3-8812E10A1A22}.Debug|Any CPU.ActiveCfg = Debug|Any CPU
		{2FEE7081-67C1-45FD-8DD3-8812E10A1A22}.Debug|Any CPU.Build.0 = Debug|Any CPU
		{2FEE7081-67C1-45FD-8DD3-8812E10A1A22}.Release|Any CPU.ActiveCfg = Release|Any CPU
		{2FEE7081-67C1-45FD-8DD3-8812E10A1A22}.Release|Any CPU.Build.0 = Release|Any CPU
		{8BEB9D29-C37F-4265-BEF1-81D6C31C3920}.Debug|Any CPU.ActiveCfg = Debug|Any CPU
		{8BEB9D29-C37F-4265-BEF1-81D6C31C3920}.Debug|Any CPU.Build.0 = Debug|Any CPU
		{8BEB9D29-C37F-4265-BEF1-81D6C31C3920}.Release|Any CPU.ActiveCfg = Release|Any CPU
		{8BEB9D29-C37F-4265-BEF1-81D6C31C3920}.Release|Any CPU.Build.0 = Release|Any CPU
	EndGlobalSection
EndGlobal
